{
  "name": "dev-dive",
  "lockfileVersion": 2,
  "requires": true,
  "packages": {
    "": {
      "dependencies": {
        "@preact/signals": "^1.2.2"
      },
      "devDependencies": {
        "@preact/signals-react": "^2.0.0"
      }
    },
    "node_modules/@preact/signals": {
      "version": "1.2.2",
      "resolved": "https://registry.npmjs.org/@preact/signals/-/signals-1.2.2.tgz",
      "integrity": "sha512-ColCqdo4cRP18bAuIR4Oik5rDpiyFtPIJIygaYPMEAwTnl4buWkBOflGBSzhYyPyJfKpkwlekrvK+1pzQ2ldWw==",
      "dependencies": {
        "@preact/signals-core": "^1.4.0"
      },
      "funding": {
        "type": "opencollective",
        "url": "https://opencollective.com/preact"
      },
      "peerDependencies": {
        "preact": "10.x"
      }
    },
    "node_modules/@preact/signals-core": {
      "version": "1.5.1",
      "resolved": "https://registry.npmjs.org/@preact/signals-core/-/signals-core-1.5.1.tgz",
      "integrity": "sha512-dE6f+WCX5ZUDwXzUIWNMhhglmuLpqJhuy3X3xHrhZYI0Hm2LyQwOu0l9mdPiWrVNsE+Q7txOnJPgtIqHCYoBVA==",
      "funding": {
        "type": "opencollective",
        "url": "https://opencollective.com/preact"
      }
    },
    "node_modules/@preact/signals-react": {
      "version": "2.0.0",
      "resolved": "https://registry.npmjs.org/@preact/signals-react/-/signals-react-2.0.0.tgz",
      "integrity": "sha512-tMVi2SXFXlojaiPNWa8dlYaidR/XvEgMSp+iymKJgMssBM/QVtUQrodKZek1BJju+dkVHiyeuQHmkuLOI9oyNw==",
      "dev": true,
      "dependencies": {
        "@preact/signals-core": "^1.5.1",
        "use-sync-external-store": "^1.2.0"
      },
      "funding": {
        "type": "opencollective",
        "url": "https://opencollective.com/preact"
      },
      "peerDependencies": {
        "react": "^16.14.0 || 17.x || 18.x"
      }
    },
    "node_modules/js-tokens": {
      "version": "4.0.0",
      "resolved": "https://registry.npmjs.org/js-tokens/-/js-tokens-4.0.0.tgz",
      "integrity": "sha512-RdJUflcE3cUzKiMqQgsCu06FPu9UdIJO0beYbPhHN4k6apgJtifcoCtT9bcxOpYBtpD2kCM6Sbzg4CausW/PKQ==",
      "dev": true,
      "peer": true
    },
    "node_modules/loose-envify": {
      "version": "1.4.0",
      "resolved": "https://registry.npmjs.org/loose-envify/-/loose-envify-1.4.0.tgz",
      "integrity": "sha512-lyuxPGr/Wfhrlem2CL/UcnUc1zcqKAImBDzukY7Y5F/yQiNdko6+fRLevlw1HgMySw7f611UIY408EtxRSoK3Q==",
      "dev": true,
      "peer": true,
      "dependencies": {
        "js-tokens": "^3.0.0 || ^4.0.0"
      },
      "bin": {
        "loose-envify": "cli.js"
      }
    },
    "node_modules/preact": {
      "version": "10.19.3",
      "resolved": "https://registry.npmjs.org/preact/-/preact-10.19.3.tgz",
      "integrity": "sha512-nHHTeFVBTHRGxJXKkKu5hT8C/YWBkPso4/Gad6xuj5dbptt9iF9NZr9pHbPhBrnT2klheu7mHTxTZ/LjwJiEiQ==",
      "peer": true,
      "funding": {
        "type": "opencollective",
        "url": "https://opencollective.com/preact"
      }
    },
    "node_modules/react": {
      "version": "18.2.0",
      "resolved": "https://registry.npmjs.org/react/-/react-18.2.0.tgz",
      "integrity": "sha512-/3IjMdb2L9QbBdWiW5e3P2/npwMBaU9mHCSCUzNln0ZCYbcfTsGbTJrU/kGemdH2IWmB2ioZ+zkxtmq6g09fGQ==",
      "dev": true,
      "peer": true,
      "dependencies": {
        "loose-envify": "^1.1.0"
      },
      "engines": {
        "node": ">=0.10.0"
      }
    },
    "node_modules/use-sync-external-store": {
      "version": "1.2.0",
      "resolved": "https://registry.npmjs.org/use-sync-external-store/-/use-sync-external-store-1.2.0.tgz",
      "integrity": "sha512-eEgnFxGQ1Ife9bzYs6VLi8/4X6CObHMw9Qr9tPY43iKwsPw8xE8+EFsf/2cFZ5S3esXgpWgtSCtLNS41F+sKPA==",
      "dev": true,
      "peerDependencies": {
        "react": "^16.8.0 || ^17.0.0 || ^18.0.0"
      }
    }
  },
  "dependencies": {
    "@preact/signals": {
      "version": "1.2.2",
      "resolved": "https://registry.npmjs.org/@preact/signals/-/signals-1.2.2.tgz",
      "integrity": "sha512-ColCqdo4cRP18bAuIR4Oik5rDpiyFtPIJIygaYPMEAwTnl4buWkBOflGBSzhYyPyJfKpkwlekrvK+1pzQ2ldWw==",
      "requires": {
        "@preact/signals-core": "^1.4.0"
      }
    },
    "@preact/signals-core": {
      "version": "1.5.1",
      "resolved": "https://registry.npmjs.org/@preact/signals-core/-/signals-core-1.5.1.tgz",
      "integrity": "sha512-dE6f+WCX5ZUDwXzUIWNMhhglmuLpqJhuy3X3xHrhZYI0Hm2LyQwOu0l9mdPiWrVNsE+Q7txOnJPgtIqHCYoBVA=="
    },
    "@preact/signals-react": {
      "version": "2.0.0",
      "resolved": "https://registry.npmjs.org/@preact/signals-react/-/signals-react-2.0.0.tgz",
      "integrity": "sha512-tMVi2SXFXlojaiPNWa8dlYaidR/XvEgMSp+iymKJgMssBM/QVtUQrodKZek1BJju+dkVHiyeuQHmkuLOI9oyNw==",
      "dev": true,
      "requires": {
        "@preact/signals-core": "^1.5.1",
        "use-sync-external-store": "^1.2.0"
      }
    },
    "js-tokens": {
      "version": "4.0.0",
      "resolved": "https://registry.npmjs.org/js-tokens/-/js-tokens-4.0.0.tgz",
      "integrity": "sha512-RdJUflcE3cUzKiMqQgsCu06FPu9UdIJO0beYbPhHN4k6apgJtifcoCtT9bcxOpYBtpD2kCM6Sbzg4CausW/PKQ==",
      "dev": true,
      "peer": true
    },
    "loose-envify": {
      "version": "1.4.0",
      "resolved": "https://registry.npmjs.org/loose-envify/-/loose-envify-1.4.0.tgz",
      "integrity": "sha512-lyuxPGr/Wfhrlem2CL/UcnUc1zcqKAImBDzukY7Y5F/yQiNdko6+fRLevlw1HgMySw7f611UIY408EtxRSoK3Q==",
      "dev": true,
      "peer": true,
      "requires": {
        "js-tokens": "^3.0.0 || ^4.0.0"
      }
    },
    "preact": {
      "version": "10.19.3",
      "resolved": "https://registry.npmjs.org/preact/-/preact-10.19.3.tgz",
      "integrity": "sha512-nHHTeFVBTHRGxJXKkKu5hT8C/YWBkPso4/Gad6xuj5dbptt9iF9NZr9pHbPhBrnT2klheu7mHTxTZ/LjwJiEiQ==",
      "peer": true
    },
    "react": {
      "version": "18.2.0",
      "resolved": "https://registry.npmjs.org/react/-/react-18.2.0.tgz",
      "integrity": "sha512-/3IjMdb2L9QbBdWiW5e3P2/npwMBaU9mHCSCUzNln0ZCYbcfTsGbTJrU/kGemdH2IWmB2ioZ+zkxtmq6g09fGQ==",
      "dev": true,
      "peer": true,
      "requires": {
        "loose-envify": "^1.1.0"
      }
    },
    "use-sync-external-store": {
      "version": "1.2.0",
      "resolved": "https://registry.npmjs.org/use-sync-external-store/-/use-sync-external-store-1.2.0.tgz",
      "integrity": "sha512-eEgnFxGQ1Ife9bzYs6VLi8/4X6CObHMw9Qr9tPY43iKwsPw8xE8+EFsf/2cFZ5S3esXgpWgtSCtLNS41F+sKPA==",
      "dev": true,
      "requires": {}
    }
  }
}
